
Microsoft Visual Studio Solution File, Format Version 12.00
# Visual Studio 2013
VisualStudioVersion = 12.0.40629.0
MinimumVisualStudioVersion = 10.0.40219.1
Project("{FAE04EC0-301F-11D3-BF4B-00C04F79EFBC}") = "MutantsAPI", "MutantsAPI\MutantsAPI.csproj", "{CBBEBD4C-4C04-4302-B0E7-D055051DB522}"
EndProject
Project("{FAE04EC0-301F-11D3-BF4B-00C04F79EFBC}") = "BussinesLogic", "..\Mutantes\BussinesLogic\BussinesLogic.csproj", "{FCC9C769-B3FB-4320-8009-BA815683109E}"
EndProject
Global
	GlobalSection(SolutionConfigurationPlatforms) = preSolution
		Debug|Any CPU = Debug|Any CPU
		Release|Any CPU = Release|Any CPU
	EndGlobalSection
	GlobalSection(ProjectConfigurationPlatforms) = postSolution
		{CBBEBD4C-4C04-4302-B0E7-D055051DB522}.Debug|Any CPU.ActiveCfg = Debug|Any CPU
		{CBBEBD4C-4C04-4302-B0E7-D055051DB522}.Debug|Any CPU.Build.0 = Debug|Any CPU
		{CBBEBD4C-4C04-4302-B0E7-D055051DB522}.Release|Any CPU.ActiveCfg = Release|Any CPU
		{CBBEBD4C-4C04-4302-B0E7-D055051DB522}.Release|Any CPU.Build.0 = Release|Any CPU
		{FCC9C769-B3FB-4320-8009-BA815683109E}.Debug|Any CPU.ActiveCfg = Debug|Any CPU
		{FCC9C769-B3FB-4320-8009-BA815683109E}.Debug|Any CPU.Build.0 = Debug|Any CPU
		{FCC9C769-B3FB-4320-8009-BA815683109E}.Release|Any CPU.ActiveCfg = Release|Any CPU
		{FCC9C769-B3FB-4320-8009-BA815683109E}.Release|Any CPU.Build.0 = Release|Any CPU
	EndGlobalSection
	GlobalSection(SolutionProperties) = preSolution
		HideSolutionNode = FALSE
	EndGlobalSection
EndGlobal
